
Microsoft Visual Studio Solution File, Format Version 12.00
# Visual Studio 15
VisualStudioVersion = 15.0.27004.2009
MinimumVisualStudioVersion = 10.0.40219.1
Project("{9A19103F-16F7-4668-BE54-9A1E7A4F7556}") = "ForecastTest", "ForecastTest\ForecastTest.csproj", "{F427341B-2CE0-46F3-B23C-A65833650C05}"
EndProject
Global
	GlobalSection(SolutionConfigurationPlatforms) = preSolution
		Debug|Any CPU = Debug|Any CPU
		Release|Any CPU = Release|Any CPU
	EndGlobalSection
	GlobalSection(ProjectConfigurationPlatforms) = postSolution
		{F427341B-2CE0-46F3-B23C-A65833650C05}.Debug|Any CPU.ActiveCfg = Debug|Any CPU
		{F427341B-2CE0-46F3-B23C-A65833650C05}.Debug|Any CPU.Build.0 = Debug|Any CPU
		{F427341B-2CE0-46F3-B23C-A65833650C05}.Release|Any CPU.ActiveCfg = Release|Any CPU
		{F427341B-2CE0-46F3-B23C-A65833650C05}.Release|Any CPU.Build.0 = Release|Any CPU
	EndGlobalSection
	GlobalSection(SolutionProperties) = preSolution
		HideSolutionNode = FALSE
	EndGlobalSection
	GlobalSection(ExtensibilityGlobals) = postSolution
		SolutionGuid = {1BB30308-1137-40AB-997B-DDA3ED12078C}
	EndGlobalSection
EndGlobal
